
Microsoft Visual Studio Solution File, Format Version 12.00
# Visual Studio 14
VisualStudioVersion = 14.0.25420.1
MinimumVisualStudioVersion = 10.0.40219.1
Project("{FAE04EC0-301F-11D3-BF4B-00C04F79EFBC}") = "CCServer.BLL", "CCServer.BLL\CCServer.BLL.csproj", "{7092CE74-97BF-4E34-8784-6A64CA66034A}"
EndProject
Project("{FAE04EC0-301F-11D3-BF4B-00C04F79EFBC}") = "CCServer.Model", "CCServer.Model\CCServer.Model.csproj", "{6F566143-447A-4499-832A-E9FB4DE43539}"
EndProject
Project("{FAE04EC0-301F-11D3-BF4B-00C04F79EFBC}") = "CCServer.Frame", "CCServer.Frame\CCServer.Frame.csproj", "{D92E4B00-DD73-49B7-95E5-6F152DE47944}"
EndProject
Project("{FAE04EC0-301F-11D3-BF4B-00C04F79EFBC}") = "CCServer", "CCServer\CCServer.csproj", "{594A94D5-C68F-481C-B7D7-1DAB52586530}"
EndProject
Project("{FAE04EC0-301F-11D3-BF4B-00C04F79EFBC}") = "TestApplication", "TestApplication\TestApplication.csproj", "{006C6853-30BB-46DC-BDF1-5D59D04F89AF}"
EndProject
Global
	GlobalSection(SolutionConfigurationPlatforms) = preSolution
		Debug|Any CPU = Debug|Any CPU
		Release|Any CPU = Release|Any CPU
	EndGlobalSection
	GlobalSection(ProjectConfigurationPlatforms) = postSolution
		{7092CE74-97BF-4E34-8784-6A64CA66034A}.Debug|Any CPU.ActiveCfg = Debug|Any CPU
		{7092CE74-97BF-4E34-8784-6A64CA66034A}.Debug|Any CPU.Build.0 = Debug|Any CPU
		{7092CE74-97BF-4E34-8784-6A64CA66034A}.Release|Any CPU.ActiveCfg = Release|Any CPU
		{7092CE74-97BF-4E34-8784-6A64CA66034A}.Release|Any CPU.Build.0 = Release|Any CPU
		{6F566143-447A-4499-832A-E9FB4DE43539}.Debug|Any CPU.ActiveCfg = Debug|Any CPU
		{6F566143-447A-4499-832A-E9FB4DE43539}.Debug|Any CPU.Build.0 = Debug|Any CPU
		{6F566143-447A-4499-832A-E9FB4DE43539}.Release|Any CPU.ActiveCfg = Release|Any CPU
		{6F566143-447A-4499-832A-E9FB4DE43539}.Release|Any CPU.Build.0 = Release|Any CPU
		{D92E4B00-DD73-49B7-95E5-6F152DE47944}.Debug|Any CPU.ActiveCfg = Debug|Any CPU
		{D92E4B00-DD73-49B7-95E5-6F152DE47944}.Debug|Any CPU.Build.0 = Debug|Any CPU
		{D92E4B00-DD73-49B7-95E5-6F152DE47944}.Release|Any CPU.ActiveCfg = Release|Any CPU
		{D92E4B00-DD73-49B7-95E5-6F152DE47944}.Release|Any CPU.Build.0 = Release|Any CPU
		{594A94D5-C68F-481C-B7D7-1DAB52586530}.Debug|Any CPU.ActiveCfg = Debug|Any CPU
		{594A94D5-C68F-481C-B7D7-1DAB52586530}.Debug|Any CPU.Build.0 = Debug|Any CPU
		{594A94D5-C68F-481C-B7D7-1DAB52586530}.Release|Any CPU.ActiveCfg = Release|Any CPU
		{594A94D5-C68F-481C-B7D7-1DAB52586530}.Release|Any CPU.Build.0 = Release|Any CPU
		{006C6853-30BB-46DC-BDF1-5D59D04F89AF}.Debug|Any CPU.ActiveCfg = Debug|Any CPU
		{006C6853-30BB-46DC-BDF1-5D59D04F89AF}.Debug|Any CPU.Build.0 = Debug|Any CPU
		{006C6853-30BB-46DC-BDF1-5D59D04F89AF}.Release|Any CPU.ActiveCfg = Release|Any CPU
		{006C6853-30BB-46DC-BDF1-5D59D04F89AF}.Release|Any CPU.Build.0 = Release|Any CPU
	EndGlobalSection
	GlobalSection(SolutionProperties) = preSolution
		HideSolutionNode = FALSE
	EndGlobalSection
EndGlobal
